
Microsoft Visual Studio Solution File, Format Version 12.00
# Visual Studio Version 17
VisualStudioVersion = 17.14.36203.30
MinimumVisualStudioVersion = 10.0.40219.1
Project("{2150E333-8FDC-42A3-9474-1A3956D46DE8}") = "01QuickStart", "01QuickStart", "{02EA681E-C7D8-13C7-8484-4AC65E1B71E8}"
EndProject
Project("{FAE04EC0-301F-11D3-BF4B-00C04F79EFBC}") = "SK01QuickStart", "SK01\SK01QuickStart.csproj", "{E1D2D6EE-98B5-430A-9690-2ABC1ACF5C2E}"
EndProject
Project("{FAE04EC0-301F-11D3-BF4B-00C04F79EFBC}") = "SK02WithZhipu", "SK02WithZhipu\SK02WithZhipu.csproj", "{CD3263E9-3765-4679-92CF-3075C59284C2}"
EndProject
Project("{FAE04EC0-301F-11D3-BF4B-00C04F79EFBC}") = "SK03WithOpenAI", "SK03WithOpenAI\SK03WithOpenAI.csproj", "{00FB695E-C78C-4F5F-87F9-1ECD9B62A5FA}"
EndProject
Project("{FAE04EC0-301F-11D3-BF4B-00C04F79EFBC}") = "SK04OneApi", "OneApi\SK04OneApi.csproj", "{B5CB777F-5AF8-40AD-9247-226F6F9CBB76}"
EndProject
Project("{FAE04EC0-301F-11D3-BF4B-00C04F79EFBC}") = "SK05MultipleAi", "SK05MultipleAi\SK05MultipleAi.csproj", "{AAF17A78-EE15-4FDC-9163-E63025171BA9}"
EndProject
Project("{FAE04EC0-301F-11D3-BF4B-00C04F79EFBC}") = "SK06DependencyInjection.", "SK06DependencyInjection\SK06DependencyInjection..csproj", "{FD9219F2-9129-416E-A192-2478F907DACC}"
EndProject
Project("{2150E333-8FDC-42A3-9474-1A3956D46DE8}") = "02Prompt", "02Prompt", "{5744D8EA-230C-4BF7-90AE-C7184B5E18F5}"
EndProject
Project("{FAE04EC0-301F-11D3-BF4B-00C04F79EFBC}") = "SK08Prompt", "SK08Prompt\SK08Prompt.csproj", "{B0274CBF-D94C-493C-8708-F073E908874D}"
EndProject
Project("{FAE04EC0-301F-11D3-BF4B-00C04F79EFBC}") = "SK09DefinePrompt", "SK09DefinePrompt\SK09DefinePrompt.csproj", "{2F7BD91B-4AAD-4791-A29E-34B811395643}"
EndProject
Project("{FAE04EC0-301F-11D3-BF4B-00C04F79EFBC}") = "SK10PromptTemplate", "SK10PromptTemplate\SK10PromptTemplate.csproj", "{1879C3C5-F8BC-4C49-95F8-C1F4D418E15E}"
EndProject
Global
	GlobalSection(SolutionConfigurationPlatforms) = preSolution
		Debug|Any CPU = Debug|Any CPU
		Release|Any CPU = Release|Any CPU
	EndGlobalSection
	GlobalSection(ProjectConfigurationPlatforms) = postSolution
		{E1D2D6EE-98B5-430A-9690-2ABC1ACF5C2E}.Debug|Any CPU.ActiveCfg = Debug|Any CPU
		{E1D2D6EE-98B5-430A-9690-2ABC1ACF5C2E}.Debug|Any CPU.Build.0 = Debug|Any CPU
		{E1D2D6EE-98B5-430A-9690-2ABC1ACF5C2E}.Release|Any CPU.ActiveCfg = Release|Any CPU
		{E1D2D6EE-98B5-430A-9690-2ABC1ACF5C2E}.Release|Any CPU.Build.0 = Release|Any CPU
		{CD3263E9-3765-4679-92CF-3075C59284C2}.Debug|Any CPU.ActiveCfg = Debug|Any CPU
		{CD3263E9-3765-4679-92CF-3075C59284C2}.Debug|Any CPU.Build.0 = Debug|Any CPU
		{CD3263E9-3765-4679-92CF-3075C59284C2}.Release|Any CPU.ActiveCfg = Release|Any CPU
		{CD3263E9-3765-4679-92CF-3075C59284C2}.Release|Any CPU.Build.0 = Release|Any CPU
		{00FB695E-C78C-4F5F-87F9-1ECD9B62A5FA}.Debug|Any CPU.ActiveCfg = Debug|Any CPU
		{00FB695E-C78C-4F5F-87F9-1ECD9B62A5FA}.Debug|Any CPU.Build.0 = Debug|Any CPU
		{00FB695E-C78C-4F5F-87F9-1ECD9B62A5FA}.Release|Any CPU.ActiveCfg = Release|Any CPU
		{00FB695E-C78C-4F5F-87F9-1ECD9B62A5FA}.Release|Any CPU.Build.0 = Release|Any CPU
		{B5CB777F-5AF8-40AD-9247-226F6F9CBB76}.Debug|Any CPU.ActiveCfg = Debug|Any CPU
		{B5CB777F-5AF8-40AD-9247-226F6F9CBB76}.Debug|Any CPU.Build.0 = Debug|Any CPU
		{B5CB777F-5AF8-40AD-9247-226F6F9CBB76}.Release|Any CPU.ActiveCfg = Release|Any CPU
		{B5CB777F-5AF8-40AD-9247-226F6F9CBB76}.Release|Any CPU.Build.0 = Release|Any CPU
		{AAF17A78-EE15-4FDC-9163-E63025171BA9}.Debug|Any CPU.ActiveCfg = Debug|Any CPU
		{AAF17A78-EE15-4FDC-9163-E63025171BA9}.Debug|Any CPU.Build.0 = Debug|Any CPU
		{AAF17A78-EE15-4FDC-9163-E63025171BA9}.Release|Any CPU.ActiveCfg = Release|Any CPU
		{AAF17A78-EE15-4FDC-9163-E63025171BA9}.Release|Any CPU.Build.0 = Release|Any CPU
		{FD9219F2-9129-416E-A192-2478F907DACC}.Debug|Any CPU.ActiveCfg = Debug|Any CPU
		{FD9219F2-9129-416E-A192-2478F907DACC}.Debug|Any CPU.Build.0 = Debug|Any CPU
		{FD9219F2-9129-416E-A192-2478F907DACC}.Release|Any CPU.ActiveCfg = Release|Any CPU
		{FD9219F2-9129-416E-A192-2478F907DACC}.Release|Any CPU.Build.0 = Release|Any CPU
		{B0274CBF-D94C-493C-8708-F073E908874D}.Debug|Any CPU.ActiveCfg = Debug|Any CPU
		{B0274CBF-D94C-493C-8708-F073E908874D}.Debug|Any CPU.Build.0 = Debug|Any CPU
		{B0274CBF-D94C-493C-8708-F073E908874D}.Release|Any CPU.ActiveCfg = Release|Any CPU
		{B0274CBF-D94C-493C-8708-F073E908874D}.Release|Any CPU.Build.0 = Release|Any CPU
		{2F7BD91B-4AAD-4791-A29E-34B811395643}.Debug|Any CPU.ActiveCfg = Debug|Any CPU
		{2F7BD91B-4AAD-4791-A29E-34B811395643}.Debug|Any CPU.Build.0 = Debug|Any CPU
		{2F7BD91B-4AAD-4791-A29E-34B811395643}.Release|Any CPU.ActiveCfg = Release|Any CPU
		{2F7BD91B-4AAD-4791-A29E-34B811395643}.Release|Any CPU.Build.0 = Release|Any CPU
		{1879C3C5-F8BC-4C49-95F8-C1F4D418E15E}.Debug|Any CPU.ActiveCfg = Debug|Any CPU
		{1879C3C5-F8BC-4C49-95F8-C1F4D418E15E}.Debug|Any CPU.Build.0 = Debug|Any CPU
		{1879C3C5-F8BC-4C49-95F8-C1F4D418E15E}.Release|Any CPU.ActiveCfg = Release|Any CPU
		{1879C3C5-F8BC-4C49-95F8-C1F4D418E15E}.Release|Any CPU.Build.0 = Release|Any CPU
	EndGlobalSection
	GlobalSection(SolutionProperties) = preSolution
		HideSolutionNode = FALSE
	EndGlobalSection
	GlobalSection(NestedProjects) = preSolution
		{E1D2D6EE-98B5-430A-9690-2ABC1ACF5C2E} = {02EA681E-C7D8-13C7-8484-4AC65E1B71E8}
		{CD3263E9-3765-4679-92CF-3075C59284C2} = {02EA681E-C7D8-13C7-8484-4AC65E1B71E8}
		{00FB695E-C78C-4F5F-87F9-1ECD9B62A5FA} = {02EA681E-C7D8-13C7-8484-4AC65E1B71E8}
		{B5CB777F-5AF8-40AD-9247-226F6F9CBB76} = {02EA681E-C7D8-13C7-8484-4AC65E1B71E8}
		{AAF17A78-EE15-4FDC-9163-E63025171BA9} = {02EA681E-C7D8-13C7-8484-4AC65E1B71E8}
		{FD9219F2-9129-416E-A192-2478F907DACC} = {02EA681E-C7D8-13C7-8484-4AC65E1B71E8}
		{B0274CBF-D94C-493C-8708-F073E908874D} = {5744D8EA-230C-4BF7-90AE-C7184B5E18F5}
		{2F7BD91B-4AAD-4791-A29E-34B811395643} = {5744D8EA-230C-4BF7-90AE-C7184B5E18F5}
		{1879C3C5-F8BC-4C49-95F8-C1F4D418E15E} = {5744D8EA-230C-4BF7-90AE-C7184B5E18F5}
	EndGlobalSection
	GlobalSection(ExtensibilityGlobals) = postSolution
		SolutionGuid = {B6C75271-A8A2-4A2A-A94D-2CF48177B269}
	EndGlobalSection
EndGlobal
