
Microsoft Visual Studio Solution File, Format Version 12.00
# Visual Studio Version 17
VisualStudioVersion = 17.14.36203.30
MinimumVisualStudioVersion = 10.0.40219.1
Project("{2150E333-8FDC-42A3-9474-1A3956D46DE8}") = "01QuickStart", "01QuickStart", "{02EA681E-C7D8-13C7-8484-4AC65E1B71E8}"
EndProject
Project("{FAE04EC0-301F-11D3-BF4B-00C04F79EFBC}") = "SK01QuickStart", "SK01\SK01QuickStart.csproj", "{E1D2D6EE-98B5-430A-9690-2ABC1ACF5C2E}"
EndProject
Project("{FAE04EC0-301F-11D3-BF4B-00C04F79EFBC}") = "SK02WithZhipu", "SK02WithZhipu\SK02WithZhipu.csproj", "{CD3263E9-3765-4679-92CF-3075C59284C2}"
EndProject
Project("{FAE04EC0-301F-11D3-BF4B-00C04F79EFBC}") = "SK03WithOpenAI", "SK03WithOpenAI\SK03WithOpenAI.csproj", "{00FB695E-C78C-4F5F-87F9-1ECD9B62A5FA}"
EndProject
Project("{FAE04EC0-301F-11D3-BF4B-00C04F79EFBC}") = "SK04OneApi", "OneApi\SK04OneApi.csproj", "{B5CB777F-5AF8-40AD-9247-226F6F9CBB76}"
EndProject
Project("{FAE04EC0-301F-11D3-BF4B-00C04F79EFBC}") = "SK05MultipleAi", "SK05MultipleAi\SK05MultipleAi.csproj", "{AAF17A78-EE15-4FDC-9163-E63025171BA9}"
EndProject
Project("{FAE04EC0-301F-11D3-BF4B-00C04F79EFBC}") = "SK06DependencyInjection.", "SK06DependencyInjection\SK06DependencyInjection..csproj", "{FD9219F2-9129-416E-A192-2478F907DACC}"
EndProject
Project("{2150E333-8FDC-42A3-9474-1A3956D46DE8}") = "02Prompt", "02Prompt", "{5744D8EA-230C-4BF7-90AE-C7184B5E18F5}"
EndProject
Project("{FAE04EC0-301F-11D3-BF4B-00C04F79EFBC}") = "SK08Prompt", "SK08Prompt\SK08Prompt.csproj", "{B0274CBF-D94C-493C-8708-F073E908874D}"
EndProject
Project("{FAE04EC0-301F-11D3-BF4B-00C04F79EFBC}") = "SK09DefinePrompt", "SK09DefinePrompt\SK09DefinePrompt.csproj", "{2F7BD91B-4AAD-4791-A29E-34B811395643}"
EndProject
Project("{FAE04EC0-301F-11D3-BF4B-00C04F79EFBC}") = "SK10PromptTemplate", "SK10PromptTemplate\SK10PromptTemplate.csproj", "{1879C3C5-F8BC-4C49-95F8-C1F4D418E15E}"
EndProject
Project("{FAE04EC0-301F-11D3-BF4B-00C04F79EFBC}") = "SK11HandlebarsTemplate", "SK11HandlebarsTemplate\SK11HandlebarsTemplate.csproj", "{EF1B9936-ECB5-4746-B665-505805EA4B0B}"
EndProject
Project("{FAE04EC0-301F-11D3-BF4B-00C04F79EFBC}") = "SK12LinquidTemplate", "SK12LinquidTemplate\SK12LinquidTemplate.csproj", "{E0A14C6C-E40E-46E2-BCC4-C02C31A0873F}"
EndProject
Project("{FAE04EC0-301F-11D3-BF4B-00C04F79EFBC}") = "SK13PromptFilter", "SK13PromptFilter\SK13PromptFilter.csproj", "{DB7825AB-0674-4517-9FF1-70DA9F316A5B}"
EndProject
Project("{2150E333-8FDC-42A3-9474-1A3956D46DE8}") = "03Plugin", "03Plugin", "{72C08472-7ACC-4674-82DE-24B8AE6DEA89}"
EndProject
Project("{FAE04EC0-301F-11D3-BF4B-00C04F79EFBC}") = "SK14Plugin", "SK14Plugin\SK14Plugin.csproj", "{D924FBF7-9E0D-4107-A9BE-9C99A589A095}"
EndProject
Project("{FAE04EC0-301F-11D3-BF4B-00C04F79EFBC}") = "SK15FunctionCallingBehavior", "SK15FunctionCallingBehavior\SK15FunctionCallingBehavior.csproj", "{780E6C94-ACFA-419C-9B6E-536208FA10B9}"
EndProject
Project("{FAE04EC0-301F-11D3-BF4B-00C04F79EFBC}") = "SK16FunctionFilter", "SK16FunctionFilter\SK16FunctionFilter.csproj", "{20D73DFF-ACC9-4AD1-9683-F599F4C94A30}"
EndProject
Project("{FAE04EC0-301F-11D3-BF4B-00C04F79EFBC}") = "SK17FunctionCallingLog", "SK17FunctionCallingLog\SK17FunctionCallingLog.csproj", "{212F6548-7C9E-4FAD-B181-684AB5B63829}"
EndProject
Project("{FAE04EC0-301F-11D3-BF4B-00C04F79EFBC}") = "SK18FunctionCallingReturn", "SK18FunctionCallingReturn\SK18FunctionCallingReturn.csproj", "{D7405EBF-A16F-4C90-9F0E-6A7834BDE4FC}"
EndProject
Project("{FAE04EC0-301F-11D3-BF4B-00C04F79EFBC}") = "SK19Stuctured", "SK19Stuctured\SK19Stuctured.csproj", "{F222BC0A-1549-4AC1-A7BC-5AAE8CD810DE}"
EndProject
Project("{FAE04EC0-301F-11D3-BF4B-00C04F79EFBC}") = "SK20OpenApiPluginBasic", "SK20PluginBasic\SK20OpenApiPluginBasic.csproj", "{74C2B593-C8D0-4798-A9FB-36247E293B01}"
EndProject
Project("{2150E333-8FDC-42A3-9474-1A3956D46DE8}") = "04Planner", "04Planner", "{4B734B78-5512-4701-BACE-48764A13919B}"
EndProject
Project("{FAE04EC0-301F-11D3-BF4B-00C04F79EFBC}") = "SK22Planner", "SK22Planner\SK22Planner.csproj", "{6DF09CFB-1B53-C208-9A35-5574A72A0BEC}"
EndProject
Project("{FAE04EC0-301F-11D3-BF4B-00C04F79EFBC}") = "SK23StepwisePlanner", "SK23StepwisePlanner\SK23StepwisePlanner.csproj", "{1C6B6C75-4E18-4283-8DB5-D27023C906C0}"
EndProject
Global
	GlobalSection(SolutionConfigurationPlatforms) = preSolution
		Debug|Any CPU = Debug|Any CPU
		Release|Any CPU = Release|Any CPU
	EndGlobalSection
	GlobalSection(ProjectConfigurationPlatforms) = postSolution
		{E1D2D6EE-98B5-430A-9690-2ABC1ACF5C2E}.Debug|Any CPU.ActiveCfg = Debug|Any CPU
		{E1D2D6EE-98B5-430A-9690-2ABC1ACF5C2E}.Debug|Any CPU.Build.0 = Debug|Any CPU
		{E1D2D6EE-98B5-430A-9690-2ABC1ACF5C2E}.Release|Any CPU.ActiveCfg = Release|Any CPU
		{E1D2D6EE-98B5-430A-9690-2ABC1ACF5C2E}.Release|Any CPU.Build.0 = Release|Any CPU
		{CD3263E9-3765-4679-92CF-3075C59284C2}.Debug|Any CPU.ActiveCfg = Debug|Any CPU
		{CD3263E9-3765-4679-92CF-3075C59284C2}.Debug|Any CPU.Build.0 = Debug|Any CPU
		{CD3263E9-3765-4679-92CF-3075C59284C2}.Release|Any CPU.ActiveCfg = Release|Any CPU
		{CD3263E9-3765-4679-92CF-3075C59284C2}.Release|Any CPU.Build.0 = Release|Any CPU
		{00FB695E-C78C-4F5F-87F9-1ECD9B62A5FA}.Debug|Any CPU.ActiveCfg = Debug|Any CPU
		{00FB695E-C78C-4F5F-87F9-1ECD9B62A5FA}.Debug|Any CPU.Build.0 = Debug|Any CPU
		{00FB695E-C78C-4F5F-87F9-1ECD9B62A5FA}.Release|Any CPU.ActiveCfg = Release|Any CPU
		{00FB695E-C78C-4F5F-87F9-1ECD9B62A5FA}.Release|Any CPU.Build.0 = Release|Any CPU
		{B5CB777F-5AF8-40AD-9247-226F6F9CBB76}.Debug|Any CPU.ActiveCfg = Debug|Any CPU
		{B5CB777F-5AF8-40AD-9247-226F6F9CBB76}.Debug|Any CPU.Build.0 = Debug|Any CPU
		{B5CB777F-5AF8-40AD-9247-226F6F9CBB76}.Release|Any CPU.ActiveCfg = Release|Any CPU
		{B5CB777F-5AF8-40AD-9247-226F6F9CBB76}.Release|Any CPU.Build.0 = Release|Any CPU
		{AAF17A78-EE15-4FDC-9163-E63025171BA9}.Debug|Any CPU.ActiveCfg = Debug|Any CPU
		{AAF17A78-EE15-4FDC-9163-E63025171BA9}.Debug|Any CPU.Build.0 = Debug|Any CPU
		{AAF17A78-EE15-4FDC-9163-E63025171BA9}.Release|Any CPU.ActiveCfg = Release|Any CPU
		{AAF17A78-EE15-4FDC-9163-E63025171BA9}.Release|Any CPU.Build.0 = Release|Any CPU
		{FD9219F2-9129-416E-A192-2478F907DACC}.Debug|Any CPU.ActiveCfg = Debug|Any CPU
		{FD9219F2-9129-416E-A192-2478F907DACC}.Debug|Any CPU.Build.0 = Debug|Any CPU
		{FD9219F2-9129-416E-A192-2478F907DACC}.Release|Any CPU.ActiveCfg = Release|Any CPU
		{FD9219F2-9129-416E-A192-2478F907DACC}.Release|Any CPU.Build.0 = Release|Any CPU
		{B0274CBF-D94C-493C-8708-F073E908874D}.Debug|Any CPU.ActiveCfg = Debug|Any CPU
		{B0274CBF-D94C-493C-8708-F073E908874D}.Debug|Any CPU.Build.0 = Debug|Any CPU
		{B0274CBF-D94C-493C-8708-F073E908874D}.Release|Any CPU.ActiveCfg = Release|Any CPU
		{B0274CBF-D94C-493C-8708-F073E908874D}.Release|Any CPU.Build.0 = Release|Any CPU
		{2F7BD91B-4AAD-4791-A29E-34B811395643}.Debug|Any CPU.ActiveCfg = Debug|Any CPU
		{2F7BD91B-4AAD-4791-A29E-34B811395643}.Debug|Any CPU.Build.0 = Debug|Any CPU
		{2F7BD91B-4AAD-4791-A29E-34B811395643}.Release|Any CPU.ActiveCfg = Release|Any CPU
		{2F7BD91B-4AAD-4791-A29E-34B811395643}.Release|Any CPU.Build.0 = Release|Any CPU
		{1879C3C5-F8BC-4C49-95F8-C1F4D418E15E}.Debug|Any CPU.ActiveCfg = Debug|Any CPU
		{1879C3C5-F8BC-4C49-95F8-C1F4D418E15E}.Debug|Any CPU.Build.0 = Debug|Any CPU
		{1879C3C5-F8BC-4C49-95F8-C1F4D418E15E}.Release|Any CPU.ActiveCfg = Release|Any CPU
		{1879C3C5-F8BC-4C49-95F8-C1F4D418E15E}.Release|Any CPU.Build.0 = Release|Any CPU
		{EF1B9936-ECB5-4746-B665-505805EA4B0B}.Debug|Any CPU.ActiveCfg = Debug|Any CPU
		{EF1B9936-ECB5-4746-B665-505805EA4B0B}.Debug|Any CPU.Build.0 = Debug|Any CPU
		{EF1B9936-ECB5-4746-B665-505805EA4B0B}.Release|Any CPU.ActiveCfg = Release|Any CPU
		{EF1B9936-ECB5-4746-B665-505805EA4B0B}.Release|Any CPU.Build.0 = Release|Any CPU
		{E0A14C6C-E40E-46E2-BCC4-C02C31A0873F}.Debug|Any CPU.ActiveCfg = Debug|Any CPU
		{E0A14C6C-E40E-46E2-BCC4-C02C31A0873F}.Debug|Any CPU.Build.0 = Debug|Any CPU
		{E0A14C6C-E40E-46E2-BCC4-C02C31A0873F}.Release|Any CPU.ActiveCfg = Release|Any CPU
		{E0A14C6C-E40E-46E2-BCC4-C02C31A0873F}.Release|Any CPU.Build.0 = Release|Any CPU
		{DB7825AB-0674-4517-9FF1-70DA9F316A5B}.Debug|Any CPU.ActiveCfg = Debug|Any CPU
		{DB7825AB-0674-4517-9FF1-70DA9F316A5B}.Debug|Any CPU.Build.0 = Debug|Any CPU
		{DB7825AB-0674-4517-9FF1-70DA9F316A5B}.Release|Any CPU.ActiveCfg = Release|Any CPU
		{DB7825AB-0674-4517-9FF1-70DA9F316A5B}.Release|Any CPU.Build.0 = Release|Any CPU
		{D924FBF7-9E0D-4107-A9BE-9C99A589A095}.Debug|Any CPU.ActiveCfg = Debug|Any CPU
		{D924FBF7-9E0D-4107-A9BE-9C99A589A095}.Debug|Any CPU.Build.0 = Debug|Any CPU
		{D924FBF7-9E0D-4107-A9BE-9C99A589A095}.Release|Any CPU.ActiveCfg = Release|Any CPU
		{D924FBF7-9E0D-4107-A9BE-9C99A589A095}.Release|Any CPU.Build.0 = Release|Any CPU
		{780E6C94-ACFA-419C-9B6E-536208FA10B9}.Debug|Any CPU.ActiveCfg = Debug|Any CPU
		{780E6C94-ACFA-419C-9B6E-536208FA10B9}.Debug|Any CPU.Build.0 = Debug|Any CPU
		{780E6C94-ACFA-419C-9B6E-536208FA10B9}.Release|Any CPU.ActiveCfg = Release|Any CPU
		{780E6C94-ACFA-419C-9B6E-536208FA10B9}.Release|Any CPU.Build.0 = Release|Any CPU
		{20D73DFF-ACC9-4AD1-9683-F599F4C94A30}.Debug|Any CPU.ActiveCfg = Debug|Any CPU
		{20D73DFF-ACC9-4AD1-9683-F599F4C94A30}.Debug|Any CPU.Build.0 = Debug|Any CPU
		{20D73DFF-ACC9-4AD1-9683-F599F4C94A30}.Release|Any CPU.ActiveCfg = Release|Any CPU
		{20D73DFF-ACC9-4AD1-9683-F599F4C94A30}.Release|Any CPU.Build.0 = Release|Any CPU
		{212F6548-7C9E-4FAD-B181-684AB5B63829}.Debug|Any CPU.ActiveCfg = Debug|Any CPU
		{212F6548-7C9E-4FAD-B181-684AB5B63829}.Debug|Any CPU.Build.0 = Debug|Any CPU
		{212F6548-7C9E-4FAD-B181-684AB5B63829}.Release|Any CPU.ActiveCfg = Release|Any CPU
		{212F6548-7C9E-4FAD-B181-684AB5B63829}.Release|Any CPU.Build.0 = Release|Any CPU
		{D7405EBF-A16F-4C90-9F0E-6A7834BDE4FC}.Debug|Any CPU.ActiveCfg = Debug|Any CPU
		{D7405EBF-A16F-4C90-9F0E-6A7834BDE4FC}.Debug|Any CPU.Build.0 = Debug|Any CPU
		{D7405EBF-A16F-4C90-9F0E-6A7834BDE4FC}.Release|Any CPU.ActiveCfg = Release|Any CPU
		{D7405EBF-A16F-4C90-9F0E-6A7834BDE4FC}.Release|Any CPU.Build.0 = Release|Any CPU
		{F222BC0A-1549-4AC1-A7BC-5AAE8CD810DE}.Debug|Any CPU.ActiveCfg = Debug|Any CPU
		{F222BC0A-1549-4AC1-A7BC-5AAE8CD810DE}.Debug|Any CPU.Build.0 = Debug|Any CPU
		{F222BC0A-1549-4AC1-A7BC-5AAE8CD810DE}.Release|Any CPU.ActiveCfg = Release|Any CPU
		{F222BC0A-1549-4AC1-A7BC-5AAE8CD810DE}.Release|Any CPU.Build.0 = Release|Any CPU
		{74C2B593-C8D0-4798-A9FB-36247E293B01}.Debug|Any CPU.ActiveCfg = Debug|Any CPU
		{74C2B593-C8D0-4798-A9FB-36247E293B01}.Debug|Any CPU.Build.0 = Debug|Any CPU
		{74C2B593-C8D0-4798-A9FB-36247E293B01}.Release|Any CPU.ActiveCfg = Release|Any CPU
		{74C2B593-C8D0-4798-A9FB-36247E293B01}.Release|Any CPU.Build.0 = Release|Any CPU
		{6DF09CFB-1B53-C208-9A35-5574A72A0BEC}.Debug|Any CPU.ActiveCfg = Debug|Any CPU
		{6DF09CFB-1B53-C208-9A35-5574A72A0BEC}.Debug|Any CPU.Build.0 = Debug|Any CPU
		{6DF09CFB-1B53-C208-9A35-5574A72A0BEC}.Release|Any CPU.ActiveCfg = Release|Any CPU
		{6DF09CFB-1B53-C208-9A35-5574A72A0BEC}.Release|Any CPU.Build.0 = Release|Any CPU
		{1C6B6C75-4E18-4283-8DB5-D27023C906C0}.Debug|Any CPU.ActiveCfg = Debug|Any CPU
		{1C6B6C75-4E18-4283-8DB5-D27023C906C0}.Debug|Any CPU.Build.0 = Debug|Any CPU
		{1C6B6C75-4E18-4283-8DB5-D27023C906C0}.Release|Any CPU.ActiveCfg = Release|Any CPU
		{1C6B6C75-4E18-4283-8DB5-D27023C906C0}.Release|Any CPU.Build.0 = Release|Any CPU
	EndGlobalSection
	GlobalSection(SolutionProperties) = preSolution
		HideSolutionNode = FALSE
	EndGlobalSection
	GlobalSection(NestedProjects) = preSolution
		{E1D2D6EE-98B5-430A-9690-2ABC1ACF5C2E} = {02EA681E-C7D8-13C7-8484-4AC65E1B71E8}
		{CD3263E9-3765-4679-92CF-3075C59284C2} = {02EA681E-C7D8-13C7-8484-4AC65E1B71E8}
		{00FB695E-C78C-4F5F-87F9-1ECD9B62A5FA} = {02EA681E-C7D8-13C7-8484-4AC65E1B71E8}
		{B5CB777F-5AF8-40AD-9247-226F6F9CBB76} = {02EA681E-C7D8-13C7-8484-4AC65E1B71E8}
		{AAF17A78-EE15-4FDC-9163-E63025171BA9} = {02EA681E-C7D8-13C7-8484-4AC65E1B71E8}
		{FD9219F2-9129-416E-A192-2478F907DACC} = {02EA681E-C7D8-13C7-8484-4AC65E1B71E8}
		{B0274CBF-D94C-493C-8708-F073E908874D} = {5744D8EA-230C-4BF7-90AE-C7184B5E18F5}
		{2F7BD91B-4AAD-4791-A29E-34B811395643} = {5744D8EA-230C-4BF7-90AE-C7184B5E18F5}
		{1879C3C5-F8BC-4C49-95F8-C1F4D418E15E} = {5744D8EA-230C-4BF7-90AE-C7184B5E18F5}
		{EF1B9936-ECB5-4746-B665-505805EA4B0B} = {5744D8EA-230C-4BF7-90AE-C7184B5E18F5}
		{E0A14C6C-E40E-46E2-BCC4-C02C31A0873F} = {5744D8EA-230C-4BF7-90AE-C7184B5E18F5}
		{DB7825AB-0674-4517-9FF1-70DA9F316A5B} = {5744D8EA-230C-4BF7-90AE-C7184B5E18F5}
		{D924FBF7-9E0D-4107-A9BE-9C99A589A095} = {72C08472-7ACC-4674-82DE-24B8AE6DEA89}
		{780E6C94-ACFA-419C-9B6E-536208FA10B9} = {72C08472-7ACC-4674-82DE-24B8AE6DEA89}
		{20D73DFF-ACC9-4AD1-9683-F599F4C94A30} = {72C08472-7ACC-4674-82DE-24B8AE6DEA89}
		{212F6548-7C9E-4FAD-B181-684AB5B63829} = {72C08472-7ACC-4674-82DE-24B8AE6DEA89}
		{D7405EBF-A16F-4C90-9F0E-6A7834BDE4FC} = {72C08472-7ACC-4674-82DE-24B8AE6DEA89}
		{F222BC0A-1549-4AC1-A7BC-5AAE8CD810DE} = {72C08472-7ACC-4674-82DE-24B8AE6DEA89}
		{74C2B593-C8D0-4798-A9FB-36247E293B01} = {72C08472-7ACC-4674-82DE-24B8AE6DEA89}
		{6DF09CFB-1B53-C208-9A35-5574A72A0BEC} = {4B734B78-5512-4701-BACE-48764A13919B}
		{1C6B6C75-4E18-4283-8DB5-D27023C906C0} = {4B734B78-5512-4701-BACE-48764A13919B}
	EndGlobalSection
	GlobalSection(ExtensibilityGlobals) = postSolution
		SolutionGuid = {B6C75271-A8A2-4A2A-A94D-2CF48177B269}
	EndGlobalSection
EndGlobal
